
Microsoft Visual Studio Solution File, Format Version 12.00
# Visual Studio Version 17
VisualStudioVersion = 17.1.32228.430
MinimumVisualStudioVersion = 10.0.40219.1
Project("{FAE04EC0-301F-11D3-BF4B-00C04F79EFBC}") = "projet info", "projet info\projet info.csproj", "{A6970C7A-E2A2-40B6-A868-B300B0C76DFC}"
EndProject
Project("{FAE04EC0-301F-11D3-BF4B-00C04F79EFBC}") = "UnitTestProject", "UnitTestProject\UnitTestProject.csproj", "{F13F213B-BA97-41AC-B061-4211D7E0DE65}"
EndProject
Global
	GlobalSection(SolutionConfigurationPlatforms) = preSolution
		Debug|Any CPU = Debug|Any CPU
		Release|Any CPU = Release|Any CPU
	EndGlobalSection
	GlobalSection(ProjectConfigurationPlatforms) = postSolution
		{A6970C7A-E2A2-40B6-A868-B300B0C76DFC}.Debug|Any CPU.ActiveCfg = Debug|Any CPU
		{A6970C7A-E2A2-40B6-A868-B300B0C76DFC}.Debug|Any CPU.Build.0 = Debug|Any CPU
		{A6970C7A-E2A2-40B6-A868-B300B0C76DFC}.Release|Any CPU.ActiveCfg = Release|Any CPU
		{A6970C7A-E2A2-40B6-A868-B300B0C76DFC}.Release|Any CPU.Build.0 = Release|Any CPU
		{F13F213B-BA97-41AC-B061-4211D7E0DE65}.Debug|Any CPU.ActiveCfg = Debug|Any CPU
		{F13F213B-BA97-41AC-B061-4211D7E0DE65}.Debug|Any CPU.Build.0 = Debug|Any CPU
		{F13F213B-BA97-41AC-B061-4211D7E0DE65}.Release|Any CPU.ActiveCfg = Release|Any CPU
		{F13F213B-BA97-41AC-B061-4211D7E0DE65}.Release|Any CPU.Build.0 = Release|Any CPU
	EndGlobalSection
	GlobalSection(SolutionProperties) = preSolution
		HideSolutionNode = FALSE
	EndGlobalSection
	GlobalSection(ExtensibilityGlobals) = postSolution
		SolutionGuid = {0D077619-BF98-4392-921C-484061FA1C90}
	EndGlobalSection
EndGlobal
